
Microsoft Visual Studio Solution File, Format Version 12.00
# Visual Studio 15
VisualStudioVersion = 15.0.27130.2036
MinimumVisualStudioVersion = 10.0.40219.1
Project("{9A19103F-16F7-4668-BE54-9A1E7A4F7556}") = "Vostok.Configuration", "Vostok.Configuration\Vostok.Configuration.csproj", "{E1934B3E-F15A-4DA1-A0DA-64E3D311D74C}"
EndProject
Project("{9A19103F-16F7-4668-BE54-9A1E7A4F7556}") = "Vostok.Configuration.Tests", "Vostok.Configuration.Tests\Vostok.Configuration.Tests.csproj", "{22866D16-E0B7-4449-A348-2FF385FF61E0}"
EndProject
Project("{FAE04EC0-301F-11D3-BF4B-00C04F79EFBC}") = "Vostok.Configuration.Abstractions", "Vostok.Configuration.Abstractions\Vostok.Configuration.Abstractions.csproj", "{FEFD2560-2990-4DB8-8031-D91DA5A71811}"
EndProject
Global
	GlobalSection(SolutionConfigurationPlatforms) = preSolution
		Client|Any CPU = Client|Any CPU
		Debug|Any CPU = Debug|Any CPU
		NoTests|Any CPU = NoTests|Any CPU
		Release|Any CPU = Release|Any CPU
	EndGlobalSection
	GlobalSection(ProjectConfigurationPlatforms) = postSolution
		{E1934B3E-F15A-4DA1-A0DA-64E3D311D74C}.Client|Any CPU.ActiveCfg = Release|Any CPU
		{E1934B3E-F15A-4DA1-A0DA-64E3D311D74C}.Client|Any CPU.Build.0 = Release|Any CPU
		{E1934B3E-F15A-4DA1-A0DA-64E3D311D74C}.Debug|Any CPU.ActiveCfg = Debug|Any CPU
		{E1934B3E-F15A-4DA1-A0DA-64E3D311D74C}.Debug|Any CPU.Build.0 = Debug|Any CPU
		{E1934B3E-F15A-4DA1-A0DA-64E3D311D74C}.NoTests|Any CPU.ActiveCfg = Release|Any CPU
		{E1934B3E-F15A-4DA1-A0DA-64E3D311D74C}.NoTests|Any CPU.Build.0 = Release|Any CPU
		{E1934B3E-F15A-4DA1-A0DA-64E3D311D74C}.Release|Any CPU.ActiveCfg = Release|Any CPU
		{E1934B3E-F15A-4DA1-A0DA-64E3D311D74C}.Release|Any CPU.Build.0 = Release|Any CPU
		{22866D16-E0B7-4449-A348-2FF385FF61E0}.Client|Any CPU.ActiveCfg = Release|Any CPU
		{22866D16-E0B7-4449-A348-2FF385FF61E0}.Debug|Any CPU.ActiveCfg = Debug|Any CPU
		{22866D16-E0B7-4449-A348-2FF385FF61E0}.Debug|Any CPU.Build.0 = Debug|Any CPU
		{22866D16-E0B7-4449-A348-2FF385FF61E0}.NoTests|Any CPU.ActiveCfg = Release|Any CPU
		{22866D16-E0B7-4449-A348-2FF385FF61E0}.Release|Any CPU.ActiveCfg = Release|Any CPU
		{22866D16-E0B7-4449-A348-2FF385FF61E0}.Release|Any CPU.Build.0 = Release|Any CPU
		{FEFD2560-2990-4DB8-8031-D91DA5A71811}.Client|Any CPU.ActiveCfg = Debug|Any CPU
		{FEFD2560-2990-4DB8-8031-D91DA5A71811}.Client|Any CPU.Build.0 = Debug|Any CPU
		{FEFD2560-2990-4DB8-8031-D91DA5A71811}.Debug|Any CPU.ActiveCfg = Debug|Any CPU
		{FEFD2560-2990-4DB8-8031-D91DA5A71811}.Debug|Any CPU.Build.0 = Debug|Any CPU
		{FEFD2560-2990-4DB8-8031-D91DA5A71811}.NoTests|Any CPU.ActiveCfg = Debug|Any CPU
		{FEFD2560-2990-4DB8-8031-D91DA5A71811}.NoTests|Any CPU.Build.0 = Debug|Any CPU
		{FEFD2560-2990-4DB8-8031-D91DA5A71811}.Release|Any CPU.ActiveCfg = Release|Any CPU
		{FEFD2560-2990-4DB8-8031-D91DA5A71811}.Release|Any CPU.Build.0 = Release|Any CPU
	EndGlobalSection
	GlobalSection(SolutionProperties) = preSolution
		HideSolutionNode = FALSE
	EndGlobalSection
	GlobalSection(ExtensibilityGlobals) = postSolution
		SolutionGuid = {D665D048-413B-460E-8B49-A8D625B8F10B}
	EndGlobalSection
EndGlobal
